// !$*UTF8*$!
{
	archiveVersion = 1;
	classes = {
	};
	objectVersion = 50;
	objects = {

/* Begin PBXBuildFile section */
		18A066FB26E396EB004F71A3 /* AppDelegate.swift in Sources */ = {isa = PBXBuildFile; fileRef = 18A066FA26E396EB004F71A3 /* AppDelegate.swift */; };
		18A066FD26E396EB004F71A3 /* SceneDelegate.swift in Sources */ = {isa = PBXBuildFile; fileRef = 18A066FC26E396EB004F71A3 /* SceneDelegate.swift */; };
		18A066FF26E396EB004F71A3 /* ViewController.swift in Sources */ = {isa = PBXBuildFile; fileRef = 18A066FE26E396EB004F71A3 /* ViewController.swift */; };
		18A0670226E396EB004F71A3 /* Main.storyboard in Resources */ = {isa = PBXBuildFile; fileRef = 18A0670026E396EB004F71A3 /* Main.storyboard */; };
		18A0670426E396EC004F71A3 /* Assets.xcassets in Resources */ = {isa = PBXBuildFile; fileRef = 18A0670326E396EC004F71A3 /* Assets.xcassets */; };
		18A0670726E396EC004F71A3 /* LaunchScreen.storyboard in Resources */ = {isa = PBXBuildFile; fileRef = 18A0670526E396EC004F71A3 /* LaunchScreen.storyboard */; };
		18A0671226E396EC004F71A3 /* TestTests.swift in Sources */ = {isa = PBXBuildFile; fileRef = 18A0671126E396EC004F71A3 /* TestTests.swift */; };
		18A0671D26E396EC004F71A3 /* TestUITests.swift in Sources */ = {isa = PBXBuildFile; fileRef = 18A0671C26E396EC004F71A3 /* TestUITests.swift */; };
/* End PBXBuildFile section */

/* Begin PBXContainerItemProxy section */
		18A0670E26E396EC004F71A3 /* PBXContainerItemProxy */ = {
			isa = PBXContainerItemProxy;
			containerPortal = 18A066EF26E396EB004F71A3 /* Project object */;
			proxyType = 1;
			remoteGlobalIDString = 18A066F626E396EB004F71A3;
			remoteInfo = Test;
		};
		18A0671926E396EC004F71A3 /* PBXContainerItemProxy */ = {
			isa = PBXContainerItemProxy;
			containerPortal = 18A066EF26E396EB004F71A3 /* Project object */;
			proxyType = 1;
			remoteGlobalIDString = 18A066F626E396EB004F71A3;
			remoteInfo = Test;
		};
/* End PBXContainerItemProxy section */

/* Begin PBXFileReference section */
		18A066F726E396EB004F71A3 /* Test.app */ = {isa = PBXFileReference; explicitFileType = wrapper.application; includeInIndex = 0; path = Test.app; sourceTree = BUILT_PRODUCTS_DIR; };
		18A066FA26E396EB004F71A3 /* AppDelegate.swift */ = {isa = PBXFileReference; lastKnownFileType = sourcecode.swift; path = AppDelegate.swift; sourceTree = "<group>"; };
		18A066FC26E396EB004F71A3 /* SceneDelegate.swift */ = {isa = PBXFileReference; lastKnownFileType = sourcecode.swift; path = SceneDelegate.swift; sourceTree = "<group>"; };
		18A066FE26E396EB004F71A3 /* ViewController.swift */ = {isa = PBXFileReference; lastKnownFileType = sourcecode.swift; path = ViewController.swift; sourceTree = "<group>"; };
		18A0670126E396EB004F71A3 /* Base */ = {isa = PBXFileReference; lastKnownFileType = file.storyboard; name = Base; path = Base.lproj/Main.storyboard; sourceTree = "<group>"; };
		18A0670326E396EC004F71A3 /* Assets.xcassets */ = {isa = PBXFileReference; lastKnownFileType = folder.assetcatalog; path = Assets.xcassets; sourceTree = "<group>"; };
		18A0670626E396EC004F71A3 /* Base */ = {isa = PBXFileReference; lastKnownFileType = file.storyboard; name = Base; path = Base.lproj/LaunchScreen.storyboard; sourceTree = "<group>"; };
		18A0670826E396EC004F71A3 /* Info.plist */ = {isa = PBXFileReference; lastKnownFileType = text.plist.xml; path = Info.plist; sourceTree = "<group>"; };
		18A0670D26E396EC004F71A3 /* TestTests.xctest */ = {isa = PBXFileReference; explicitFileType = wrapper.cfbundle; includeInIndex = 0; path = TestTests.xctest; sourceTree = BUILT_PRODUCTS_DIR; };
		18A0671126E396EC004F71A3 /* TestTests.swift */ = {isa = PBXFileReference; lastKnownFileType = sourcecode.swift; path = TestTests.swift; sourceTree = "<group>"; };
		18A0671326E396EC004F71A3 /* Info.plist */ = {isa = PBXFileReference; lastKnownFileType = text.plist.xml; path = Info.plist; sourceTree = "<group>"; };
		18A0671826E396EC004F71A3 /* TestUITests.xctest */ = {isa = PBXFileReference; explicitFileType = wrapper.cfbundle; includeInIndex = 0; path = TestUITests.xctest; sourceTree = BUILT_PRODUCTS_DIR; };
		18A0671C26E396EC004F71A3 /* TestUITests.swift */ = {isa = PBXFileReference; lastKnownFileType = sourcecode.swift; path = TestUITests.swift; sourceTree = "<group>"; };
		18A0671E26E396EC004F71A3 /* Info.plist */ = {isa = PBXFileReference; lastKnownFileType = text.plist.xml; path = Info.plist; sourceTree = "<group>"; };
/* End PBXFileReference section */

/* Begin PBXFrameworksBuildPhase section */
		18A066F426E396EB004F71A3 /* Frameworks */ = {
			isa = PBXFrameworksBuildPhase;
			buildActionMask = 2147483647;
			files = (
			);
			runOnlyForDeploymentPostprocessing = 0;
		};
		18A0670A26E396EC004F71A3 /* Frameworks */ = {
			isa = PBXFrameworksBuildPhase;
			buildActionMask = 2147483647;
			files = (
			);
			runOnlyForDeploymentPostprocessing = 0;
		};
		18A0671526E396EC004F71A3 /* Frameworks */ = {
			isa = PBXFrameworksBuildPhase;
			buildActionMask = 2147483647;
			files = (
			);
			runOnlyForDeploymentPostprocessing = 0;
		};
/* End PBXFrameworksBuildPhase section */

/* Begin PBXGroup section */
		18A066EE26E396EB004F71A3 = {
			isa = PBXGroup;
			children = (
				18A066F926E396EB004F71A3 /* Test */,
				18A0671026E396EC004F71A3 /* TestTests */,
				18A0671B26E396EC004F71A3 /* TestUITests */,
				18A066F826E396EB004F71A3 /* Products */,
			);
			sourceTree = "<group>";
		};
		18A066F826E396EB004F71A3 /* Products */ = {
			isa = PBXGroup;
			children = (
				18A066F726E396EB004F71A3 /* Test.app */,
				18A0670D26E396EC004F71A3 /* TestTests.xctest */,
				18A0671826E396EC004F71A3 /* TestUITests.xctest */,
			);
			name = Products;
			sourceTree = "<group>";
		};
		18A066F926E396EB004F71A3 /* Test */ = {
			isa = PBXGroup;
			children = (
				18A066FA26E396EB004F71A3 /* AppDelegate.swift */,
				18A066FC26E396EB004F71A3 /* SceneDelegate.swift */,
				18A066FE26E396EB004F71A3 /* ViewController.swift */,
				18A0670026E396EB004F71A3 /* Main.storyboard */,
				18A0670326E396EC004F71A3 /* Assets.xcassets */,
				18A0670526E396EC004F71A3 /* LaunchScreen.storyboard */,
				18A0670826E396EC004F71A3 /* Info.plist */,
			);
			path = Test;
			sourceTree = "<group>";
		};
		18A0671026E396EC004F71A3 /* TestTests */ = {
			isa = PBXGroup;
			children = (
				18A0671126E396EC004F71A3 /* TestTests.swift */,
				18A0671326E396EC004F71A3 /* Info.plist */,
			);
			path = TestTests;
			sourceTree = "<group>";
		};
		18A0671B26E396EC004F71A3 /* TestUITests */ = {
			isa = PBXGroup;
			children = (
				18A0671C26E396EC004F71A3 /* TestUITests.swift */,
				18A0671E26E396EC004F71A3 /* Info.plist */,
			);
			path = TestUITests;
			sourceTree = "<group>";
		};
/* End PBXGroup section */

/* Begin PBXNativeTarget section */
		18A066F626E396EB004F71A3 /* Test */ = {
			isa = PBXNativeTarget;
			buildConfigurationList = 18A0672126E396EC004F71A3 /* Build configuration list for PBXNativeTarget "Test" */;
			buildPhases = (
				18A066F326E396EB004F71A3 /* Sources */,
				18A066F426E396EB004F71A3 /* Frameworks */,
				18A066F526E396EB004F71A3 /* Resources */,
			);
			buildRules = (
			);
			dependencies = (
			);
			name = Test;
			productName = Test;
			productReference = 18A066F726E396EB004F71A3 /* Test.app */;
			productType = "com.apple.product-type.application";
		};
		18A0670C26E396EC004F71A3 /* TestTests */ = {
			isa = PBXNativeTarget;
			buildConfigurationList = 18A0672426E396EC004F71A3 /* Build configuration list for PBXNativeTarget "TestTests" */;
			buildPhases = (
				18A0670926E396EC004F71A3 /* Sources */,
				18A0670A26E396EC004F71A3 /* Frameworks */,
				18A0670B26E396EC004F71A3 /* Resources */,
			);
			buildRules = (
			);
			dependencies = (
				18A0670F26E396EC004F71A3 /* PBXTargetDependency */,
			);
			name = TestTests;
			productName = TestTests;
			productReference = 18A0670D26E396EC004F71A3 /* TestTests.xctest */;
			productType = "com.apple.product-type.bundle.unit-test";
		};
		18A0671726E396EC004F71A3 /* TestUITests */ = {
			isa = PBXNativeTarget;
			buildConfigurationList = 18A0672726E396EC004F71A3 /* Build configuration list for PBXNativeTarget "TestUITests" */;
			buildPhases = (
				18A0671426E396EC004F71A3 /* Sources */,
				18A0671526E396EC004F71A3 /* Frameworks */,
				18A0671626E396EC004F71A3 /* Resources */,
			);
			buildRules = (
			);
			dependencies = (
				18A0671A26E396EC004F71A3 /* PBXTargetDependency */,
			);
			name = TestUITests;
			productName = TestUITests;
			productReference = 18A0671826E396EC004F71A3 /* TestUITests.xctest */;
			productType = "com.apple.product-type.bundle.ui-testing";
		};
/* End PBXNativeTarget section */

/* Begin PBXProject section */
		18A066EF26E396EB004F71A3 /* Project object */ = {
			isa = PBXProject;
			attributes = {
				LastSwiftUpdateCheck = 1250;
				LastUpgradeCheck = 1250;
				TargetAttributes = {
					18A066F626E396EB004F71A3 = {
						CreatedOnToolsVersion = 12.5;
					};
					18A0670C26E396EC004F71A3 = {
						CreatedOnToolsVersion = 12.5;
						TestTargetID = 18A066F626E396EB004F71A3;
					};
					18A0671726E396EC004F71A3 = {
						CreatedOnToolsVersion = 12.5;
						TestTargetID = 18A066F626E396EB004F71A3;
					};
				};
			};
			buildConfigurationList = 18A066F226E396EB004F71A3 /* Build configuration list for PBXProject "Test" */;
			compatibilityVersion = "Xcode 9.3";
			developmentRegion = en;
			hasScannedForEncodings = 0;
			knownRegions = (
				en,
				Base,
			);
			mainGroup = 18A066EE26E396EB004F71A3;
			productRefGroup = 18A066F826E396EB004F71A3 /* Products */;
			projectDirPath = "";
			projectRoot = "";
			targets = (
				18A066F626E396EB004F71A3 /* Test */,
				18A0670C26E396EC004F71A3 /* TestTests */,
				18A0671726E396EC004F71A3 /* TestUITests */,
			);
		};
/* End PBXProject section */

/* Begin PBXResourcesBuildPhase section */
		18A066F526E396EB004F71A3 /* Resources */ = {
			isa = PBXResourcesBuildPhase;
			buildActionMask = 2147483647;
			files = (
				18A0670726E396EC004F71A3 /* LaunchScreen.storyboard in Resources */,
				18A0670426E396EC004F71A3 /* Assets.xcassets in Resources */,
				18A0670226E396EB004F71A3 /* Main.storyboard in Resources */,
			);
			runOnlyForDeploymentPostprocessing = 0;
		};
		18A0670B26E396EC004F71A3 /* Resources */ = {
			isa = PBXResourcesBuildPhase;
			buildActionMask = 2147483647;
			files = (
			);
			runOnlyForDeploymentPostprocessing = 0;
		};
		18A0671626E396EC004F71A3 /* Resources */ = {
			isa = PBXResourcesBuildPhase;
			buildActionMask = 2147483647;
			files = (
			);
			runOnlyForDeploymentPostprocessing = 0;
		};
/* End PBXResourcesBuildPhase section */

/* Begin PBXSourcesBuildPhase section */
		18A066F326E396EB004F71A3 /* Sources */ = {
			isa = PBXSourcesBuildPhase;
			buildActionMask = 2147483647;
			files = (
				18A066FF26E396EB004F71A3 /* ViewController.swift in Sources */,
				18A066FB26E396EB004F71A3 /* AppDelegate.swift in Sources */,
				18A066FD26E396EB004F71A3 /* SceneDelegate.swift in Sources */,
			);
			runOnlyForDeploymentPostprocessing = 0;
		};
		18A0670926E396EC004F71A3 /* Sources */ = {
			isa = PBXSourcesBuildPhase;
			buildActionMask = 2147483647;
			files = (
				18A0671226E396EC004F71A3 /* TestTests.swift in Sources */,
			);
			runOnlyForDeploymentPostprocessing = 0;
		};
		18A0671426E396EC004F71A3 /* Sources */ = {
			isa = PBXSourcesBuildPhase;
			buildActionMask = 2147483647;
			files = (
				18A0671D26E396EC004F71A3 /* TestUITests.swift in Sources */,
			);
			runOnlyForDeploymentPostprocessing = 0;
		};
/* End PBXSourcesBuildPhase section */

/* Begin PBXTargetDependency section */
		18A0670F26E396EC004F71A3 /* PBXTargetDependency */ = {
			isa = PBXTargetDependency;
			target = 18A066F626E396EB004F71A3 /* Test */;
			targetProxy = 18A0670E26E396EC004F71A3 /* PBXContainerItemProxy */;
		};
		18A0671A26E396EC004F71A3 /* PBXTargetDependency */ = {
			isa = PBXTargetDependency;
			target = 18A066F626E396EB004F71A3 /* Test */;
			targetProxy = 18A0671926E396EC004F71A3 /* PBXContainerItemProxy */;
		};
/* End PBXTargetDependency section */

/* Begin PBXVariantGroup section */
		18A0670026E396EB004F71A3 /* Main.storyboard */ = {
			isa = PBXVariantGroup;
			children = (
				18A0670126E396EB004F71A3 /* Base */,
			);
			name = Main.storyboard;
			sourceTree = "<group>";
		};
		18A0670526E396EC004F71A3 /* LaunchScreen.storyboard */ = {
			isa = PBXVariantGroup;
			children = (
				18A0670626E396EC004F71A3 /* Base */,
			);
			name = LaunchScreen.storyboard;
			sourceTree = "<group>";
		};
/* End PBXVariantGroup section */

/* Begin XCBuildConfiguration section */
		18A0671F26E396EC004F71A3 /* Debug */ = {
			isa = XCBuildConfiguration;
			buildSettings = {
				ALWAYS_SEARCH_USER_PATHS = NO;
				CLANG_ANALYZER_NONNULL = YES;
				CLANG_ANALYZER_NUMBER_OBJECT_CONVERSION = YES_AGGRESSIVE;
				CLANG_CXX_LANGUAGE_STANDARD = "gnu++14";
				CLANG_CXX_LIBRARY = "libc++";
				CLANG_ENABLE_MODULES = YES;
				CLANG_ENABLE_OBJC_ARC = YES;
				CLANG_ENABLE_OBJC_WEAK = YES;
				CLANG_WARN_BLOCK_CAPTURE_AUTORELEASING = YES;
				CLANG_WARN_BOOL_CONVERSION = YES;
				CLANG_WARN_COMMA = YES;
				CLANG_WARN_CONSTANT_CONVERSION = YES;
				CLANG_WARN_DEPRECATED_OBJC_IMPLEMENTATIONS = YES;
				CLANG_WARN_DIRECT_OBJC_ISA_USAGE = YES_ERROR;
				CLANG_WARN_DOCUMENTATION_COMMENTS = YES;
				CLANG_WARN_EMPTY_BODY = YES;
				CLANG_WARN_ENUM_CONVERSION = YES;
				CLANG_WARN_INFINITE_RECURSION = YES;
				CLANG_WARN_INT_CONVERSION = YES;
				CLANG_WARN_NON_LITERAL_NULL_CONVERSION = YES;
				CLANG_WARN_OBJC_IMPLICIT_RETAIN_SELF = YES;
				CLANG_WARN_OBJC_LITERAL_CONVERSION = YES;
				CLANG_WARN_OBJC_ROOT_CLASS = YES_ERROR;
				CLANG_WARN_QUOTED_INCLUDE_IN_FRAMEWORK_HEADER = YES;
				CLANG_WARN_RANGE_LOOP_ANALYSIS = YES;
				CLANG_WARN_STRICT_PROTOTYPES = YES;
				CLANG_WARN_SUSPICIOUS_MOVE = YES;
				CLANG_WARN_UNGUARDED_AVAILABILITY = YES_AGGRESSIVE;
				CLANG_WARN_UNREACHABLE_CODE = YES;
				CLANG_WARN__DUPLICATE_METHOD_MATCH = YES;
				COPY_PHASE_STRIP = NO;
				DEBUG_INFORMATION_FORMAT = dwarf;
				ENABLE_STRICT_OBJC_MSGSEND = YES;
				ENABLE_TESTABILITY = YES;
				GCC_C_LANGUAGE_STANDARD = gnu11;
				GCC_DYNAMIC_NO_PIC = NO;
				GCC_NO_COMMON_BLOCKS = YES;
				GCC_OPTIMIZATION_LEVEL = 0;
				GCC_PREPROCESSOR_DEFINITIONS = (
					"DEBUG=1",
					"$(inherited)",
				);
				GCC_WARN_64_TO_32_BIT_CONVERSION = YES;
				GCC_WARN_ABOUT_RETURN_TYPE = YES_ERROR;
				GCC_WARN_UNDECLARED_SELECTOR = YES;
				GCC_WARN_UNINITIALIZED_AUTOS = YES_AGGRESSIVE;
				GCC_WARN_UNUSED_FUNCTION = YES;
				GCC_WARN_UNUSED_VARIABLE = YES;
				IPHONEOS_DEPLOYMENT_TARGET = 14.5;
				MTL_ENABLE_DEBUG_INFO = INCLUDE_SOURCE;
				MTL_FAST_MATH = YES;
				ONLY_ACTIVE_ARCH = YES;
				SDKROOT = iphoneos;
				SWIFT_ACTIVE_COMPILATION_CONDITIONS = DEBUG;
				SWIFT_OPTIMIZATION_LEVEL = "-Onone";
			};
			name = Debug;
		};
		18A0672026E396EC004F71A3 /* Release */ = {
			isa = XCBuildConfiguration;
			buildSettings = {
				ALWAYS_SEARCH_USER_PATHS = NO;
				CLANG_ANALYZER_NONNULL = YES;
				CLANG_ANALYZER_NUMBER_OBJECT_CONVERSION = YES_AGGRESSIVE;
				CLANG_CXX_LANGUAGE_STANDARD = "gnu++14";
				CLANG_CXX_LIBRARY = "libc++";
				CLANG_ENABLE_MODULES = YES;
				CLANG_ENABLE_OBJC_ARC = YES;
				CLANG_ENABLE_OBJC_WEAK = YES;
				CLANG_WARN_BLOCK_CAPTURE_AUTORELEASING = YES;
				CLANG_WARN_BOOL_CONVERSION = YES;
				CLANG_WARN_COMMA = YES;
				CLANG_WARN_CONSTANT_CONVERSION = YES;
				CLANG_WARN_DEPRECATED_OBJC_IMPLEMENTATIONS = YES;
				CLANG_WARN_DIRECT_OBJC_ISA_USAGE = YES_ERROR;
				CLANG_WARN_DOCUMENTATION_COMMENTS = YES;
				CLANG_WARN_EMPTY_BODY = YES;
				CLANG_WARN_ENUM_CONVERSION = YES;
				CLANG_WARN_INFINITE_RECURSION = YES;
				CLANG_WARN_INT_CONVERSION = YES;
				CLANG_WARN_NON_LITERAL_NULL_CONVERSION = YES;
				CLANG_WARN_OBJC_IMPLICIT_RETAIN_SELF = YES;
				CLANG_WARN_OBJC_LITERAL_CONVERSION = YES;
				CLANG_WARN_OBJC_ROOT_CLASS = YES_ERROR;
				CLANG_WARN_QUOTED_INCLUDE_IN_FRAMEWORK_HEADER = YES;
				CLANG_WARN_RANGE_LOOP_ANALYSIS = YES;
				CLANG_WARN_STRICT_PROTOTYPES = YES;
				CLANG_WARN_SUSPICIOUS_MOVE = YES;
				CLANG_WARN_UNGUARDED_AVAILABILITY = YES_AGGRESSIVE;
				CLANG_WARN_UNREACHABLE_CODE = YES;
				CLANG_WARN__DUPLICATE_METHOD_MATCH = YES;
				COPY_PHASE_STRIP = NO;
				DEBUG_INFORMATION_FORMAT = "dwarf-with-dsym";
				ENABLE_NS_ASSERTIONS = NO;
				ENABLE_STRICT_OBJC_MSGSEND = YES;
				GCC_C_LANGUAGE_STANDARD = gnu11;
				GCC_NO_COMMON_BLOCKS = YES;
				GCC_WARN_64_TO_32_BIT_CONVERSION = YES;
				GCC_WARN_ABOUT_RETURN_TYPE = YES_ERROR;
				GCC_WARN_UNDECLARED_SELECTOR = YES;
				GCC_WARN_UNINITIALIZED_AUTOS = YES_AGGRESSIVE;
				GCC_WARN_UNUSED_FUNCTION = YES;
				GCC_WARN_UNUSED_VARIABLE = YES;
				IPHONEOS_DEPLOYMENT_TARGET = 14.5;
				MTL_ENABLE_DEBUG_INFO = NO;
				MTL_FAST_MATH = YES;
				SDKROOT = iphoneos;
				SWIFT_COMPILATION_MODE = wholemodule;
				SWIFT_OPTIMIZATION_LEVEL = "-O";
				VALIDATE_PRODUCT = YES;
			};
			name = Release;
		};
		18A0672226E396EC004F71A3 /* Debug */ = {
			isa = XCBuildConfiguration;
			buildSettings = {
				ASSETCATALOG_COMPILER_APPICON_NAME = AppIcon;
				ASSETCATALOG_COMPILER_GLOBAL_ACCENT_COLOR_NAME = AccentColor;
				CODE_SIGN_STYLE = Automatic;
				DEVELOPMENT_TEAM = 4N5VQ73TJA;
				INFOPLIST_FILE = Test/Info.plist;
				LD_RUNPATH_SEARCH_PATHS = (
					"$(inherited)",
					"@executable_path/Frameworks",
				);
				PRODUCT_BUNDLE_IDENTIFIER = test.Test;
				PRODUCT_NAME = "$(TARGET_NAME)";
				SWIFT_VERSION = 5.0;
				TARGETED_DEVICE_FAMILY = "1,2";
			};
			name = Debug;
		};
		18A0672326E396EC004F71A3 /* Release */ = {
			isa = XCBuildConfiguration;
			buildSettings = {
				ASSETCATALOG_COMPILER_APPICON_NAME = AppIcon;
				ASSETCATALOG_COMPILER_GLOBAL_ACCENT_COLOR_NAME = AccentColor;
				CODE_SIGN_STYLE = Automatic;
				DEVELOPMENT_TEAM = 4N5VQ73TJA;
				INFOPLIST_FILE = Test/Info.plist;
				LD_RUNPATH_SEARCH_PATHS = (
					"$(inherited)",
					"@executable_path/Frameworks",
				);
				PRODUCT_BUNDLE_IDENTIFIER = test.Test;
				PRODUCT_NAME = "$(TARGET_NAME)";
				SWIFT_VERSION = 5.0;
				TARGETED_DEVICE_FAMILY = "1,2";
			};
			name = Release;
		};
		18A0672526E396EC004F71A3 /* Debug */ = {
			isa = XCBuildConfiguration;
			buildSettings = {
				ALWAYS_EMBED_SWIFT_STANDARD_LIBRARIES = YES;
				BUNDLE_LOADER = "$(TEST_HOST)";
				CODE_SIGN_STYLE = Automatic;
				DEVELOPMENT_TEAM = 4N5VQ73TJA;
				INFOPLIST_FILE = TestTests/Info.plist;
				IPHONEOS_DEPLOYMENT_TARGET = 14.5;
				LD_RUNPATH_SEARCH_PATHS = (
					"$(inherited)",
					"@executable_path/Frameworks",
					"@loader_path/Frameworks",
				);
				PRODUCT_BUNDLE_IDENTIFIER = test.TestTests;
				PRODUCT_NAME = "$(TARGET_NAME)";
				SWIFT_VERSION = 5.0;
				TARGETED_DEVICE_FAMILY = "1,2";
				TEST_HOST = "$(BUILT_PRODUCTS_DIR)/Test.app/Test";
			};
			name = Debug;
		};
		18A0672626E396EC004F71A3 /* Release */ = {
			isa = XCBuildConfiguration;
			buildSettings = {
				ALWAYS_EMBED_SWIFT_STANDARD_LIBRARIES = YES;
				BUNDLE_LOADER = "$(TEST_HOST)";
				CODE_SIGN_STYLE = Automatic;
				DEVELOPMENT_TEAM = 4N5VQ73TJA;
				INFOPLIST_FILE = TestTests/Info.plist;
				IPHONEOS_DEPLOYMENT_TARGET = 14.5;
				LD_RUNPATH_SEARCH_PATHS = (
					"$(inherited)",
					"@executable_path/Frameworks",
					"@loader_path/Frameworks",
				);
				PRODUCT_BUNDLE_IDENTIFIER = test.TestTests;
				PRODUCT_NAME = "$(TARGET_NAME)";
				SWIFT_VERSION = 5.0;
				TARGETED_DEVICE_FAMILY = "1,2";
				TEST_HOST = "$(BUILT_PRODUCTS_DIR)/Test.app/Test";
			};
			name = Release;
		};
		18A0672826E396EC004F71A3 /* Debug */ = {
			isa = XCBuildConfiguration;
			buildSettings = {
				ALWAYS_EMBED_SWIFT_STANDARD_LIBRARIES = YES;
				CODE_SIGN_STYLE = Automatic;
				DEVELOPMENT_TEAM = 4N5VQ73TJA;
				INFOPLIST_FILE = TestUITests/Info.plist;
				LD_RUNPATH_SEARCH_PATHS = (
					"$(inherited)",
					"@executable_path/Frameworks",
					"@loader_path/Frameworks",
				);
				PRODUCT_BUNDLE_IDENTIFIER = test.TestUITests;
				PRODUCT_NAME = "$(TARGET_NAME)";
				SWIFT_VERSION = 5.0;
				TARGETED_DEVICE_FAMILY = "1,2";
				TEST_TARGET_NAME = Test;
			};
			name = Debug;
		};
		18A0672926E396EC004F71A3 /* Release */ = {
			isa = XCBuildConfiguration;
			buildSettings = {
				ALWAYS_EMBED_SWIFT_STANDARD_LIBRARIES = YES;
				CODE_SIGN_STYLE = Automatic;
				DEVELOPMENT_TEAM = 4N5VQ73TJA;
				INFOPLIST_FILE = TestUITests/Info.plist;
				LD_RUNPATH_SEARCH_PATHS = (
					"$(inherited)",
					"@executable_path/Frameworks",
					"@loader_path/Frameworks",
				);
				PRODUCT_BUNDLE_IDENTIFIER = test.TestUITests;
				PRODUCT_NAME = "$(TARGET_NAME)";
				SWIFT_VERSION = 5.0;
				TARGETED_DEVICE_FAMILY = "1,2";
				TEST_TARGET_NAME = Test;
			};
			name = Release;
		};
/* End XCBuildConfiguration section */

/* Begin XCConfigurationList section */
		18A066F226E396EB004F71A3 /* Build configuration list for PBXProject "Test" */ = {
			isa = XCConfigurationList;
			buildConfigurations = (
				18A0671F26E396EC004F71A3 /* Debug */,
				18A0672026E396EC004F71A3 /* Release */,
			);
			defaultConfigurationIsVisible = 0;
			defaultConfigurationName = Release;
		};
		18A0672126E396EC004F71A3 /* Build configuration list for PBXNativeTarget "Test" */ = {
			isa = XCConfigurationList;
			buildConfigurations = (
				18A0672226E396EC004F71A3 /* Debug */,
				18A0672326E396EC004F71A3 /* Release */,
			);
			defaultConfigurationIsVisible = 0;
			defaultConfigurationName = Release;
		};
		18A0672426E396EC004F71A3 /* Build configuration list for PBXNativeTarget "TestTests" */ = {
			isa = XCConfigurationList;
			buildConfigurations = (
				18A0672526E396EC004F71A3 /* Debug */,
				18A0672626E396EC004F71A3 /* Release */,
			);
			defaultConfigurationIsVisible = 0;
			defaultConfigurationName = Release;
		};
		18A0672726E396EC004F71A3 /* Build configuration list for PBXNativeTarget "TestUITests" */ = {
			isa = XCConfigurationList;
			buildConfigurations = (
				18A0672826E396EC004F71A3 /* Debug */,
				18A0672926E396EC004F71A3 /* Release */,
			);
			defaultConfigurationIsVisible = 0;
			defaultConfigurationName = Release;
		};
/* End XCConfigurationList section */
	};
	rootObject = 18A066EF26E396EB004F71A3 /* Project object */;
}
